// !$*UTF8*$!
{
	archiveVersion = 1;
	classes = {
	};
	objectVersion = 52;
	objects = {

/* Begin PBXBuildFile section */
		B30CDB01238BA750000FEB45 /* AppDelegate.swift in Sources */ = {isa = PBXBuildFile; fileRef = B30CDB00238BA750000FEB45 /* AppDelegate.swift */; };
		B30CDB03238BA750000FEB45 /* SceneDelegate.swift in Sources */ = {isa = PBXBuildFile; fileRef = B30CDB02238BA750000FEB45 /* SceneDelegate.swift */; };
		B30CDB05238BA750000FEB45 /* InventoryViewController.swift in Sources */ = {isa = PBXBuildFile; fileRef = B30CDB04238BA750000FEB45 /* InventoryViewController.swift */; };
		B30CDB08238BA750000FEB45 /* Main.storyboard in Resources */ = {isa = PBXBuildFile; fileRef = B30CDB06238BA750000FEB45 /* Main.storyboard */; };
		B30CDB0A238BA754000FEB45 /* Assets.xcassets in Resources */ = {isa = PBXBuildFile; fileRef = B30CDB09238BA754000FEB45 /* Assets.xcassets */; };
		B30CDB0D238BA754000FEB45 /* LaunchScreen.storyboard in Resources */ = {isa = PBXBuildFile; fileRef = B30CDB0B238BA754000FEB45 /* LaunchScreen.storyboard */; };
		B3FE6BBC238D8055000DE563 /* RealmSwift in Frameworks */ = {isa = PBXBuildFile; productRef = B3FE6BBB238D8055000DE563 /* RealmSwift */; };
		B3FE6BBE238D8055000DE563 /* Realm in Frameworks */ = {isa = PBXBuildFile; productRef = B3FE6BBD238D8055000DE563 /* Realm */; };
		B3FE6BC2238D8919000DE563 /* Inventory.swift in Sources */ = {isa = PBXBuildFile; fileRef = B3FE6BC1238D8919000DE563 /* Inventory.swift */; };
		B3FE6BC5238D8AA9000DE563 /* InventoryTableViewCell.swift in Sources */ = {isa = PBXBuildFile; fileRef = B3FE6BC4238D8AA9000DE563 /* InventoryTableViewCell.swift */; };
		B3FE6BC8238D9BCC000DE563 /* SwipeCellKit in Frameworks */ = {isa = PBXBuildFile; productRef = B3FE6BC7238D9BCC000DE563 /* SwipeCellKit */; };
/* End PBXBuildFile section */

/* Begin PBXFileReference section */
		B30CDAFD238BA750000FEB45 /* Billy.app */ = {isa = PBXFileReference; explicitFileType = wrapper.application; includeInIndex = 0; path = Billy.app; sourceTree = BUILT_PRODUCTS_DIR; };
		B30CDB00238BA750000FEB45 /* AppDelegate.swift */ = {isa = PBXFileReference; lastKnownFileType = sourcecode.swift; path = AppDelegate.swift; sourceTree = "<group>"; };
		B30CDB02238BA750000FEB45 /* SceneDelegate.swift */ = {isa = PBXFileReference; lastKnownFileType = sourcecode.swift; path = SceneDelegate.swift; sourceTree = "<group>"; };
		B30CDB04238BA750000FEB45 /* InventoryViewController.swift */ = {isa = PBXFileReference; lastKnownFileType = sourcecode.swift; path = InventoryViewController.swift; sourceTree = "<group>"; };
		B30CDB07238BA750000FEB45 /* Base */ = {isa = PBXFileReference; lastKnownFileType = file.storyboard; name = Base; path = Base.lproj/Main.storyboard; sourceTree = "<group>"; };
		B30CDB09238BA754000FEB45 /* Assets.xcassets */ = {isa = PBXFileReference; lastKnownFileType = folder.assetcatalog; path = Assets.xcassets; sourceTree = "<group>"; };
		B30CDB0C238BA754000FEB45 /* Base */ = {isa = PBXFileReference; lastKnownFileType = file.storyboard; name = Base; path = Base.lproj/LaunchScreen.storyboard; sourceTree = "<group>"; };
		B30CDB0E238BA754000FEB45 /* Info.plist */ = {isa = PBXFileReference; lastKnownFileType = text.plist.xml; path = Info.plist; sourceTree = "<group>"; };
		B3FE6BC1238D8919000DE563 /* Inventory.swift */ = {isa = PBXFileReference; lastKnownFileType = sourcecode.swift; path = Inventory.swift; sourceTree = "<group>"; };
		B3FE6BC4238D8AA9000DE563 /* InventoryTableViewCell.swift */ = {isa = PBXFileReference; lastKnownFileType = sourcecode.swift; path = InventoryTableViewCell.swift; sourceTree = "<group>"; };
/* End PBXFileReference section */

/* Begin PBXFrameworksBuildPhase section */
		B30CDAFA238BA750000FEB45 /* Frameworks */ = {
			isa = PBXFrameworksBuildPhase;
			buildActionMask = 2147483647;
			files = (
				B3FE6BBE238D8055000DE563 /* Realm in Frameworks */,
				B3FE6BC8238D9BCC000DE563 /* SwipeCellKit in Frameworks */,
				B3FE6BBC238D8055000DE563 /* RealmSwift in Frameworks */,
			);
			runOnlyForDeploymentPostprocessing = 0;
		};
/* End PBXFrameworksBuildPhase section */

/* Begin PBXGroup section */
		B30CDAF4238BA74F000FEB45 = {
			isa = PBXGroup;
			children = (
				B30CDAFF238BA750000FEB45 /* Invoice Generation Management */,
				B30CDAFE238BA750000FEB45 /* Products */,
			);
			sourceTree = "<group>";
		};
		B30CDAFE238BA750000FEB45 /* Products */ = {
			isa = PBXGroup;
			children = (
				B30CDAFD238BA750000FEB45 /* Billy.app */,
			);
			name = Products;
			sourceTree = "<group>";
		};
		B30CDAFF238BA750000FEB45 /* Invoice Generation Management */ = {
			isa = PBXGroup;
			children = (
				B3FE6BC0238D88EA000DE563 /* Model */,
				B3FE6BC3238D8A82000DE563 /* View */,
				B3FE6BBF238D8735000DE563 /* Controller */,
				B30CDB00238BA750000FEB45 /* AppDelegate.swift */,
				B30CDB02238BA750000FEB45 /* SceneDelegate.swift */,
				B30CDB06238BA750000FEB45 /* Main.storyboard */,
				B30CDB09238BA754000FEB45 /* Assets.xcassets */,
				B30CDB0B238BA754000FEB45 /* LaunchScreen.storyboard */,
				B30CDB0E238BA754000FEB45 /* Info.plist */,
			);
			path = "Invoice Generation Management";
			sourceTree = "<group>";
		};
		B3FE6BBF238D8735000DE563 /* Controller */ = {
			isa = PBXGroup;
			children = (
				B30CDB04238BA750000FEB45 /* InventoryViewController.swift */,
			);
			path = Controller;
			sourceTree = "<group>";
		};
		B3FE6BC0238D88EA000DE563 /* Model */ = {
			isa = PBXGroup;
			children = (
				B3FE6BC1238D8919000DE563 /* Inventory.swift */,
			);
			path = Model;
			sourceTree = "<group>";
		};
		B3FE6BC3238D8A82000DE563 /* View */ = {
			isa = PBXGroup;
			children = (
				B3FE6BC4238D8AA9000DE563 /* InventoryTableViewCell.swift */,
			);
			path = View;
			sourceTree = "<group>";
		};
/* End PBXGroup section */

/* Begin PBXNativeTarget section */
		B30CDAFC238BA750000FEB45 /* Invoice Generation Management */ = {
			isa = PBXNativeTarget;
			buildConfigurationList = B30CDB11238BA754000FEB45 /* Build configuration list for PBXNativeTarget "Invoice Generation Management" */;
			buildPhases = (
				B30CDAF9238BA750000FEB45 /* Sources */,
				B30CDAFA238BA750000FEB45 /* Frameworks */,
				B30CDAFB238BA750000FEB45 /* Resources */,
			);
			buildRules = (
			);
			dependencies = (
			);
			name = "Invoice Generation Management";
			packageProductDependencies = (
				B3FE6BBB238D8055000DE563 /* RealmSwift */,
				B3FE6BBD238D8055000DE563 /* Realm */,
				B3FE6BC7238D9BCC000DE563 /* SwipeCellKit */,
			);
			productName = "Invoice Generation Management";
			productReference = B30CDAFD238BA750000FEB45 /* Billy.app */;
			productType = "com.apple.product-type.application";
		};
/* End PBXNativeTarget section */

/* Begin PBXProject section */
		B30CDAF5238BA750000FEB45 /* Project object */ = {
			isa = PBXProject;
			attributes = {
				LastSwiftUpdateCheck = 1120;
				LastUpgradeCheck = 1120;
				ORGANIZATIONNAME = "HARSHIT JINDAL";
				TargetAttributes = {
					B30CDAFC238BA750000FEB45 = {
						CreatedOnToolsVersion = 11.2.1;
					};
				};
			};
			buildConfigurationList = B30CDAF8238BA750000FEB45 /* Build configuration list for PBXProject "Invoice Generation Management" */;
			compatibilityVersion = "Xcode 9.3";
			developmentRegion = en;
			hasScannedForEncodings = 0;
			knownRegions = (
				en,
				Base,
			);
			mainGroup = B30CDAF4238BA74F000FEB45;
			packageReferences = (
				B3FE6BBA238D8055000DE563 /* XCRemoteSwiftPackageReference "realm-cocoa" */,
				B3FE6BC6238D9BCC000DE563 /* XCRemoteSwiftPackageReference "SwipeCellKit" */,
			);
			productRefGroup = B30CDAFE238BA750000FEB45 /* Products */;
			projectDirPath = "";
			projectRoot = "";
			targets = (
				B30CDAFC238BA750000FEB45 /* Invoice Generation Management */,
			);
		};
/* End PBXProject section */

/* Begin PBXResourcesBuildPhase section */
		B30CDAFB238BA750000FEB45 /* Resources */ = {
			isa = PBXResourcesBuildPhase;
			buildActionMask = 2147483647;
			files = (
				B30CDB0D238BA754000FEB45 /* LaunchScreen.storyboard in Resources */,
				B30CDB0A238BA754000FEB45 /* Assets.xcassets in Resources */,
				B30CDB08238BA750000FEB45 /* Main.storyboard in Resources */,
			);
			runOnlyForDeploymentPostprocessing = 0;
		};
/* End PBXResourcesBuildPhase section */

/* Begin PBXSourcesBuildPhase section */
		B30CDAF9238BA750000FEB45 /* Sources */ = {
			isa = PBXSourcesBuildPhase;
			buildActionMask = 2147483647;
			files = (
				B3FE6BC2238D8919000DE563 /* Inventory.swift in Sources */,
				B30CDB05238BA750000FEB45 /* InventoryViewController.swift in Sources */,
				B3FE6BC5238D8AA9000DE563 /* InventoryTableViewCell.swift in Sources */,
				B30CDB01238BA750000FEB45 /* AppDelegate.swift in Sources */,
				B30CDB03238BA750000FEB45 /* SceneDelegate.swift in Sources */,
			);
			runOnlyForDeploymentPostprocessing = 0;
		};
/* End PBXSourcesBuildPhase section */

/* Begin PBXVariantGroup section */
		B30CDB06238BA750000FEB45 /* Main.storyboard */ = {
			isa = PBXVariantGroup;
			children = (
				B30CDB07238BA750000FEB45 /* Base */,
			);
			name = Main.storyboard;
			sourceTree = "<group>";
		};
		B30CDB0B238BA754000FEB45 /* LaunchScreen.storyboard */ = {
			isa = PBXVariantGroup;
			children = (
				B30CDB0C238BA754000FEB45 /* Base */,
			);
			name = LaunchScreen.storyboard;
			sourceTree = "<group>";
		};
/* End PBXVariantGroup section */

/* Begin XCBuildConfiguration section */
		B30CDB0F238BA754000FEB45 /* Debug */ = {
			isa = XCBuildConfiguration;
			buildSettings = {
				ALWAYS_SEARCH_USER_PATHS = NO;
				CLANG_ANALYZER_NONNULL = YES;
				CLANG_ANALYZER_NUMBER_OBJECT_CONVERSION = YES_AGGRESSIVE;
				CLANG_CXX_LANGUAGE_STANDARD = "gnu++14";
				CLANG_CXX_LIBRARY = "libc++";
				CLANG_ENABLE_MODULES = YES;
				CLANG_ENABLE_OBJC_ARC = YES;
				CLANG_ENABLE_OBJC_WEAK = YES;
				CLANG_WARN_BLOCK_CAPTURE_AUTORELEASING = YES;
				CLANG_WARN_BOOL_CONVERSION = YES;
				CLANG_WARN_COMMA = YES;
				CLANG_WARN_CONSTANT_CONVERSION = YES;
				CLANG_WARN_DEPRECATED_OBJC_IMPLEMENTATIONS = YES;
				CLANG_WARN_DIRECT_OBJC_ISA_USAGE = YES_ERROR;
				CLANG_WARN_DOCUMENTATION_COMMENTS = YES;
				CLANG_WARN_EMPTY_BODY = YES;
				CLANG_WARN_ENUM_CONVERSION = YES;
				CLANG_WARN_INFINITE_RECURSION = YES;
				CLANG_WARN_INT_CONVERSION = YES;
				CLANG_WARN_NON_LITERAL_NULL_CONVERSION = YES;
				CLANG_WARN_OBJC_IMPLICIT_RETAIN_SELF = YES;
				CLANG_WARN_OBJC_LITERAL_CONVERSION = YES;
				CLANG_WARN_OBJC_ROOT_CLASS = YES_ERROR;
				CLANG_WARN_RANGE_LOOP_ANALYSIS = YES;
				CLANG_WARN_STRICT_PROTOTYPES = YES;
				CLANG_WARN_SUSPICIOUS_MOVE = YES;
				CLANG_WARN_UNGUARDED_AVAILABILITY = YES_AGGRESSIVE;
				CLANG_WARN_UNREACHABLE_CODE = YES;
				CLANG_WARN__DUPLICATE_METHOD_MATCH = YES;
				COPY_PHASE_STRIP = NO;
				DEBUG_INFORMATION_FORMAT = dwarf;
				ENABLE_STRICT_OBJC_MSGSEND = YES;
				ENABLE_TESTABILITY = YES;
				GCC_C_LANGUAGE_STANDARD = gnu11;
				GCC_DYNAMIC_NO_PIC = NO;
				GCC_NO_COMMON_BLOCKS = YES;
				GCC_OPTIMIZATION_LEVEL = 0;
				GCC_PREPROCESSOR_DEFINITIONS = (
					"DEBUG=1",
					"$(inherited)",
				);
				GCC_WARN_64_TO_32_BIT_CONVERSION = YES;
				GCC_WARN_ABOUT_RETURN_TYPE = YES_ERROR;
				GCC_WARN_UNDECLARED_SELECTOR = YES;
				GCC_WARN_UNINITIALIZED_AUTOS = YES_AGGRESSIVE;
				GCC_WARN_UNUSED_FUNCTION = YES;
				GCC_WARN_UNUSED_VARIABLE = YES;
				IPHONEOS_DEPLOYMENT_TARGET = 13.2;
				MTL_ENABLE_DEBUG_INFO = INCLUDE_SOURCE;
				MTL_FAST_MATH = YES;
				ONLY_ACTIVE_ARCH = YES;
				SDKROOT = iphoneos;
				SWIFT_ACTIVE_COMPILATION_CONDITIONS = DEBUG;
				SWIFT_OPTIMIZATION_LEVEL = "-Onone";
			};
			name = Debug;
		};
		B30CDB10238BA754000FEB45 /* Release */ = {
			isa = XCBuildConfiguration;
			buildSettings = {
				ALWAYS_SEARCH_USER_PATHS = NO;
				CLANG_ANALYZER_NONNULL = YES;
				CLANG_ANALYZER_NUMBER_OBJECT_CONVERSION = YES_AGGRESSIVE;
				CLANG_CXX_LANGUAGE_STANDARD = "gnu++14";
				CLANG_CXX_LIBRARY = "libc++";
				CLANG_ENABLE_MODULES = YES;
				CLANG_ENABLE_OBJC_ARC = YES;
				CLANG_ENABLE_OBJC_WEAK = YES;
				CLANG_WARN_BLOCK_CAPTURE_AUTORELEASING = YES;
				CLANG_WARN_BOOL_CONVERSION = YES;
				CLANG_WARN_COMMA = YES;
				CLANG_WARN_CONSTANT_CONVERSION = YES;
				CLANG_WARN_DEPRECATED_OBJC_IMPLEMENTATIONS = YES;
				CLANG_WARN_DIRECT_OBJC_ISA_USAGE = YES_ERROR;
				CLANG_WARN_DOCUMENTATION_COMMENTS = YES;
				CLANG_WARN_EMPTY_BODY = YES;
				CLANG_WARN_ENUM_CONVERSION = YES;
				CLANG_WARN_INFINITE_RECURSION = YES;
				CLANG_WARN_INT_CONVERSION = YES;
				CLANG_WARN_NON_LITERAL_NULL_CONVERSION = YES;
				CLANG_WARN_OBJC_IMPLICIT_RETAIN_SELF = YES;
				CLANG_WARN_OBJC_LITERAL_CONVERSION = YES;
				CLANG_WARN_OBJC_ROOT_CLASS = YES_ERROR;
				CLANG_WARN_RANGE_LOOP_ANALYSIS = YES;
				CLANG_WARN_STRICT_PROTOTYPES = YES;
				CLANG_WARN_SUSPICIOUS_MOVE = YES;
				CLANG_WARN_UNGUARDED_AVAILABILITY = YES_AGGRESSIVE;
				CLANG_WARN_UNREACHABLE_CODE = YES;
				CLANG_WARN__DUPLICATE_METHOD_MATCH = YES;
				COPY_PHASE_STRIP = NO;
				DEBUG_INFORMATION_FORMAT = "dwarf-with-dsym";
				ENABLE_NS_ASSERTIONS = NO;
				ENABLE_STRICT_OBJC_MSGSEND = YES;
				GCC_C_LANGUAGE_STANDARD = gnu11;
				GCC_NO_COMMON_BLOCKS = YES;
				GCC_WARN_64_TO_32_BIT_CONVERSION = YES;
				GCC_WARN_ABOUT_RETURN_TYPE = YES_ERROR;
				GCC_WARN_UNDECLARED_SELECTOR = YES;
				GCC_WARN_UNINITIALIZED_AUTOS = YES_AGGRESSIVE;
				GCC_WARN_UNUSED_FUNCTION = YES;
				GCC_WARN_UNUSED_VARIABLE = YES;
				IPHONEOS_DEPLOYMENT_TARGET = 13.2;
				MTL_ENABLE_DEBUG_INFO = NO;
				MTL_FAST_MATH = YES;
				SDKROOT = iphoneos;
				SWIFT_COMPILATION_MODE = wholemodule;
				SWIFT_OPTIMIZATION_LEVEL = "-O";
				VALIDATE_PRODUCT = YES;
			};
			name = Release;
		};
		B30CDB12238BA754000FEB45 /* Debug */ = {
			isa = XCBuildConfiguration;
			buildSettings = {
				ASSETCATALOG_COMPILER_APPICON_NAME = AppIcon;
				CODE_SIGN_STYLE = Automatic;
				DEVELOPMENT_TEAM = P3ZEN42ERU;
				INFOPLIST_FILE = "Invoice Generation Management/Info.plist";
				LD_RUNPATH_SEARCH_PATHS = (
					"$(inherited)",
					"@executable_path/Frameworks",
				);
				PRODUCT_BUNDLE_IDENTIFIER = "com.particleq.Invoice-Generation-Management";
				PRODUCT_NAME = Billy;
				SWIFT_VERSION = 5.0;
				TARGETED_DEVICE_FAMILY = "1,2";
			};
			name = Debug;
		};
		B30CDB13238BA754000FEB45 /* Release */ = {
			isa = XCBuildConfiguration;
			buildSettings = {
				ASSETCATALOG_COMPILER_APPICON_NAME = AppIcon;
				CODE_SIGN_STYLE = Automatic;
				DEVELOPMENT_TEAM = P3ZEN42ERU;
				INFOPLIST_FILE = "Invoice Generation Management/Info.plist";
				LD_RUNPATH_SEARCH_PATHS = (
					"$(inherited)",
					"@executable_path/Frameworks",
				);
				PRODUCT_BUNDLE_IDENTIFIER = "com.particleq.Invoice-Generation-Management";
				PRODUCT_NAME = Billy;
				SWIFT_VERSION = 5.0;
				TARGETED_DEVICE_FAMILY = "1,2";
			};
			name = Release;
		};
/* End XCBuildConfiguration section */

/* Begin XCConfigurationList section */
		B30CDAF8238BA750000FEB45 /* Build configuration list for PBXProject "Invoice Generation Management" */ = {
			isa = XCConfigurationList;
			buildConfigurations = (
				B30CDB0F238BA754000FEB45 /* Debug */,
				B30CDB10238BA754000FEB45 /* Release */,
			);
			defaultConfigurationIsVisible = 0;
			defaultConfigurationName = Release;
		};
		B30CDB11238BA754000FEB45 /* Build configuration list for PBXNativeTarget "Invoice Generation Management" */ = {
			isa = XCConfigurationList;
			buildConfigurations = (
				B30CDB12238BA754000FEB45 /* Debug */,
				B30CDB13238BA754000FEB45 /* Release */,
			);
			defaultConfigurationIsVisible = 0;
			defaultConfigurationName = Release;
		};
/* End XCConfigurationList section */

/* Begin XCRemoteSwiftPackageReference section */
		B3FE6BBA238D8055000DE563 /* XCRemoteSwiftPackageReference "realm-cocoa" */ = {
			isa = XCRemoteSwiftPackageReference;
			repositoryURL = "https://github.com/realm/realm-cocoa.git";
			requirement = {
				kind = upToNextMajorVersion;
				minimumVersion = 4.1.1;
			};
		};
		B3FE6BC6238D9BCC000DE563 /* XCRemoteSwiftPackageReference "SwipeCellKit" */ = {
			isa = XCRemoteSwiftPackageReference;
			repositoryURL = "https://github.com/SwipeCellKit/SwipeCellKit.git";
			requirement = {
				kind = upToNextMajorVersion;
				minimumVersion = 2.7.1;
			};
		};
/* End XCRemoteSwiftPackageReference section */

/* Begin XCSwiftPackageProductDependency section */
		B3FE6BBB238D8055000DE563 /* RealmSwift */ = {
			isa = XCSwiftPackageProductDependency;
			package = B3FE6BBA238D8055000DE563 /* XCRemoteSwiftPackageReference "realm-cocoa" */;
			productName = RealmSwift;
		};
		B3FE6BBD238D8055000DE563 /* Realm */ = {
			isa = XCSwiftPackageProductDependency;
			package = B3FE6BBA238D8055000DE563 /* XCRemoteSwiftPackageReference "realm-cocoa" */;
			productName = Realm;
		};
		B3FE6BC7238D9BCC000DE563 /* SwipeCellKit */ = {
			isa = XCSwiftPackageProductDependency;
			package = B3FE6BC6238D9BCC000DE563 /* XCRemoteSwiftPackageReference "SwipeCellKit" */;
			productName = SwipeCellKit;
		};
/* End XCSwiftPackageProductDependency section */
	};
	rootObject = B30CDAF5238BA750000FEB45 /* Project object */;
}
